
Microsoft Visual Studio Solution File, Format Version 12.00
# Visual Studio Version 16
VisualStudioVersion = 16.0.32126.315
MinimumVisualStudioVersion = 10.0.40219.1
Project("{FAE04EC0-301F-11D3-BF4B-00C04F79EFBC}") = "Suborner", "Suborner\Suborner.csproj", "{42E57D79-6676-472B-AA7A-983F60B2BC83}"
EndProject
Global
	GlobalSection(SolutionConfigurationPlatforms) = preSolution
		Debug|Any CPU = Debug|Any CPU
		Release|Any CPU = Release|Any CPU
	EndGlobalSection
	GlobalSection(ProjectConfigurationPlatforms) = postSolution
		{42E57D79-6676-472B-AA7A-983F60B2BC83}.Debug|Any CPU.ActiveCfg = Debug|Any CPU
		{42E57D79-6676-472B-AA7A-983F60B2BC83}.Debug|Any CPU.Build.0 = Debug|Any CPU
		{42E57D79-6676-472B-AA7A-983F60B2BC83}.Release|Any CPU.ActiveCfg = Release|Any CPU
		{42E57D79-6676-472B-AA7A-983F60B2BC83}.Release|Any CPU.Build.0 = Release|Any CPU
	EndGlobalSection
	GlobalSection(SolutionProperties) = preSolution
		HideSolutionNode = FALSE
	EndGlobalSection
	GlobalSection(ExtensibilityGlobals) = postSolution
		SolutionGuid = {F9E0D4F3-6949-4885-9379-BB999CE8E396}
	EndGlobalSection
EndGlobal
